
Microsoft Visual Studio Solution File, Format Version 12.00
# Visual Studio 15
VisualStudioVersion = 15.0.28010.2050
MinimumVisualStudioVersion = 10.0.40219.1
Project("{FAE04EC0-301F-11D3-BF4B-00C04F79EFBC}") = "Gigalilei.Android", "Gigalilei\Gigalilei.Android\Gigalilei.Android.csproj", "{E6E0B986-AA75-43CB-8488-130F9F5828BB}"
EndProject
Project("{FAE04EC0-301F-11D3-BF4B-00C04F79EFBC}") = "Gigalilei.iOS", "Gigalilei\Gigalilei.iOS\Gigalilei.iOS.csproj", "{6D98F94A-D9AF-49A2-A332-3C26AEB47EAC}"
EndProject
Project("{FAE04EC0-301F-11D3-BF4B-00C04F79EFBC}") = "Gigalilei", "Gigalilei\Gigalilei\Gigalilei.csproj", "{8A4D0760-D75E-4C14-BB7F-D06ABC78D462}"
EndProject
Global
	GlobalSection(SolutionConfigurationPlatforms) = preSolution
		Ad-Hoc|Any CPU = Ad-Hoc|Any CPU
		Ad-Hoc|iPhone = Ad-Hoc|iPhone
		Ad-Hoc|iPhoneSimulator = Ad-Hoc|iPhoneSimulator
		AppStore|Any CPU = AppStore|Any CPU
		AppStore|iPhone = AppStore|iPhone
		AppStore|iPhoneSimulator = AppStore|iPhoneSimulator
		Debug|Any CPU = Debug|Any CPU
		Debug|iPhone = Debug|iPhone
		Debug|iPhoneSimulator = Debug|iPhoneSimulator
		Release|Any CPU = Release|Any CPU
		Release|iPhone = Release|iPhone
		Release|iPhoneSimulator = Release|iPhoneSimulator
	EndGlobalSection
	GlobalSection(ProjectConfigurationPlatforms) = postSolution
		{E6E0B986-AA75-43CB-8488-130F9F5828BB}.Ad-Hoc|Any CPU.ActiveCfg = Release|Any CPU
		{E6E0B986-AA75-43CB-8488-130F9F5828BB}.Ad-Hoc|Any CPU.Build.0 = Release|Any CPU
		{E6E0B986-AA75-43CB-8488-130F9F5828BB}.Ad-Hoc|Any CPU.Deploy.0 = Release|Any CPU
		{E6E0B986-AA75-43CB-8488-130F9F5828BB}.Ad-Hoc|iPhone.ActiveCfg = Release|Any CPU
		{E6E0B986-AA75-43CB-8488-130F9F5828BB}.Ad-Hoc|iPhone.Build.0 = Release|Any CPU
		{E6E0B986-AA75-43CB-8488-130F9F5828BB}.Ad-Hoc|iPhone.Deploy.0 = Release|Any CPU
		{E6E0B986-AA75-43CB-8488-130F9F5828BB}.Ad-Hoc|iPhoneSimulator.ActiveCfg = Release|Any CPU
		{E6E0B986-AA75-43CB-8488-130F9F5828BB}.Ad-Hoc|iPhoneSimulator.Build.0 = Release|Any CPU
		{E6E0B986-AA75-43CB-8488-130F9F5828BB}.Ad-Hoc|iPhoneSimulator.Deploy.0 = Release|Any CPU
		{E6E0B986-AA75-43CB-8488-130F9F5828BB}.AppStore|Any CPU.ActiveCfg = Release|Any CPU
		{E6E0B986-AA75-43CB-8488-130F9F5828BB}.AppStore|Any CPU.Build.0 = Release|Any CPU
		{E6E0B986-AA75-43CB-8488-130F9F5828BB}.AppStore|Any CPU.Deploy.0 = Release|Any CPU
		{E6E0B986-AA75-43CB-8488-130F9F5828BB}.AppStore|iPhone.ActiveCfg = Release|Any CPU
		{E6E0B986-AA75-43CB-8488-130F9F5828BB}.AppStore|iPhone.Build.0 = Release|Any CPU
		{E6E0B986-AA75-43CB-8488-130F9F5828BB}.AppStore|iPhone.Deploy.0 = Release|Any CPU
		{E6E0B986-AA75-43CB-8488-130F9F5828BB}.AppStore|iPhoneSimulator.ActiveCfg = Release|Any CPU
		{E6E0B986-AA75-43CB-8488-130F9F5828BB}.AppStore|iPhoneSimulator.Build.0 = Release|Any CPU
		{E6E0B986-AA75-43CB-8488-130F9F5828BB}.AppStore|iPhoneSimulator.Deploy.0 = Release|Any CPU
		{E6E0B986-AA75-43CB-8488-130F9F5828BB}.Debug|Any CPU.ActiveCfg = Debug|Any CPU
		{E6E0B986-AA75-43CB-8488-130F9F5828BB}.Debug|Any CPU.Build.0 = Debug|Any CPU
		{E6E0B986-AA75-43CB-8488-130F9F5828BB}.Debug|Any CPU.Deploy.0 = Debug|Any CPU
		{E6E0B986-AA75-43CB-8488-130F9F5828BB}.Debug|iPhone.ActiveCfg = Debug|Any CPU
		{E6E0B986-AA75-43CB-8488-130F9F5828BB}.Debug|iPhone.Build.0 = Debug|Any CPU
		{E6E0B986-AA75-43CB-8488-130F9F5828BB}.Debug|iPhone.Deploy.0 = Debug|Any CPU
		{E6E0B986-AA75-43CB-8488-130F9F5828BB}.Debug|iPhoneSimulator.ActiveCfg = Debug|Any CPU
		{E6E0B986-AA75-43CB-8488-130F9F5828BB}.Debug|iPhoneSimulator.Build.0 = Debug|Any CPU
		{E6E0B986-AA75-43CB-8488-130F9F5828BB}.Debug|iPhoneSimulator.Deploy.0 = Debug|Any CPU
		{E6E0B986-AA75-43CB-8488-130F9F5828BB}.Release|Any CPU.ActiveCfg = Release|Any CPU
		{E6E0B986-AA75-43CB-8488-130F9F5828BB}.Release|Any CPU.Build.0 = Release|Any CPU
		{E6E0B986-AA75-43CB-8488-130F9F5828BB}.Release|Any CPU.Deploy.0 = Release|Any CPU
		{E6E0B986-AA75-43CB-8488-130F9F5828BB}.Release|iPhone.ActiveCfg = Release|Any CPU
		{E6E0B986-AA75-43CB-8488-130F9F5828BB}.Release|iPhone.Build.0 = Release|Any CPU
		{E6E0B986-AA75-43CB-8488-130F9F5828BB}.Release|iPhone.Deploy.0 = Release|Any CPU
		{E6E0B986-AA75-43CB-8488-130F9F5828BB}.Release|iPhoneSimulator.ActiveCfg = Release|Any CPU
		{E6E0B986-AA75-43CB-8488-130F9F5828BB}.Release|iPhoneSimulator.Build.0 = Release|Any CPU
		{E6E0B986-AA75-43CB-8488-130F9F5828BB}.Release|iPhoneSimulator.Deploy.0 = Release|Any CPU
		{6D98F94A-D9AF-49A2-A332-3C26AEB47EAC}.Ad-Hoc|Any CPU.ActiveCfg = Ad-Hoc|iPhone
		{6D98F94A-D9AF-49A2-A332-3C26AEB47EAC}.Ad-Hoc|Any CPU.Build.0 = Ad-Hoc|iPhone
		{6D98F94A-D9AF-49A2-A332-3C26AEB47EAC}.Ad-Hoc|Any CPU.Deploy.0 = Ad-Hoc|iPhone
		{6D98F94A-D9AF-49A2-A332-3C26AEB47EAC}.Ad-Hoc|iPhone.ActiveCfg = Ad-Hoc|iPhone
		{6D98F94A-D9AF-49A2-A332-3C26AEB47EAC}.Ad-Hoc|iPhone.Build.0 = Ad-Hoc|iPhone
		{6D98F94A-D9AF-49A2-A332-3C26AEB47EAC}.Ad-Hoc|iPhone.Deploy.0 = Ad-Hoc|iPhone
		{6D98F94A-D9AF-49A2-A332-3C26AEB47EAC}.Ad-Hoc|iPhoneSimulator.ActiveCfg = Ad-Hoc|iPhoneSimulator
		{6D98F94A-D9AF-49A2-A332-3C26AEB47EAC}.Ad-Hoc|iPhoneSimulator.Build.0 = Ad-Hoc|iPhoneSimulator
		{6D98F94A-D9AF-49A2-A332-3C26AEB47EAC}.Ad-Hoc|iPhoneSimulator.Deploy.0 = Ad-Hoc|iPhoneSimulator
		{6D98F94A-D9AF-49A2-A332-3C26AEB47EAC}.AppStore|Any CPU.ActiveCfg = AppStore|iPhone
		{6D98F94A-D9AF-49A2-A332-3C26AEB47EAC}.AppStore|Any CPU.Build.0 = AppStore|iPhone
		{6D98F94A-D9AF-49A2-A332-3C26AEB47EAC}.AppStore|Any CPU.Deploy.0 = AppStore|iPhone
		{6D98F94A-D9AF-49A2-A332-3C26AEB47EAC}.AppStore|iPhone.ActiveCfg = AppStore|iPhone
		{6D98F94A-D9AF-49A2-A332-3C26AEB47EAC}.AppStore|iPhone.Build.0 = AppStore|iPhone
		{6D98F94A-D9AF-49A2-A332-3C26AEB47EAC}.AppStore|iPhone.Deploy.0 = AppStore|iPhone
		{6D98F94A-D9AF-49A2-A332-3C26AEB47EAC}.AppStore|iPhoneSimulator.ActiveCfg = AppStore|iPhoneSimulator
		{6D98F94A-D9AF-49A2-A332-3C26AEB47EAC}.AppStore|iPhoneSimulator.Build.0 = AppStore|iPhoneSimulator
		{6D98F94A-D9AF-49A2-A332-3C26AEB47EAC}.AppStore|iPhoneSimulator.Deploy.0 = AppStore|iPhoneSimulator
		{6D98F94A-D9AF-49A2-A332-3C26AEB47EAC}.Debug|Any CPU.ActiveCfg = Debug|iPhoneSimulator
		{6D98F94A-D9AF-49A2-A332-3C26AEB47EAC}.Debug|Any CPU.Build.0 = Debug|iPhoneSimulator
		{6D98F94A-D9AF-49A2-A332-3C26AEB47EAC}.Debug|Any CPU.Deploy.0 = Debug|iPhoneSimulator
		{6D98F94A-D9AF-49A2-A332-3C26AEB47EAC}.Debug|iPhone.ActiveCfg = Debug|iPhone
		{6D98F94A-D9AF-49A2-A332-3C26AEB47EAC}.Debug|iPhone.Build.0 = Debug|iPhone
		{6D98F94A-D9AF-49A2-A332-3C26AEB47EAC}.Debug|iPhone.Deploy.0 = Debug|iPhone
		{6D98F94A-D9AF-49A2-A332-3C26AEB47EAC}.Debug|iPhoneSimulator.ActiveCfg = Debug|iPhoneSimulator
		{6D98F94A-D9AF-49A2-A332-3C26AEB47EAC}.Debug|iPhoneSimulator.Build.0 = Debug|iPhoneSimulator
		{6D98F94A-D9AF-49A2-A332-3C26AEB47EAC}.Debug|iPhoneSimulator.Deploy.0 = Debug|iPhoneSimulator
		{6D98F94A-D9AF-49A2-A332-3C26AEB47EAC}.Release|Any CPU.ActiveCfg = Release|iPhone
		{6D98F94A-D9AF-49A2-A332-3C26AEB47EAC}.Release|Any CPU.Build.0 = Release|iPhone
		{6D98F94A-D9AF-49A2-A332-3C26AEB47EAC}.Release|Any CPU.Deploy.0 = Release|iPhone
		{6D98F94A-D9AF-49A2-A332-3C26AEB47EAC}.Release|iPhone.ActiveCfg = Release|iPhone
		{6D98F94A-D9AF-49A2-A332-3C26AEB47EAC}.Release|iPhone.Build.0 = Release|iPhone
		{6D98F94A-D9AF-49A2-A332-3C26AEB47EAC}.Release|iPhone.Deploy.0 = Release|iPhone
		{6D98F94A-D9AF-49A2-A332-3C26AEB47EAC}.Release|iPhoneSimulator.ActiveCfg = Release|iPhoneSimulator
		{6D98F94A-D9AF-49A2-A332-3C26AEB47EAC}.Release|iPhoneSimulator.Build.0 = Release|iPhoneSimulator
		{6D98F94A-D9AF-49A2-A332-3C26AEB47EAC}.Release|iPhoneSimulator.Deploy.0 = Release|iPhoneSimulator
		{8A4D0760-D75E-4C14-BB7F-D06ABC78D462}.Ad-Hoc|Any CPU.ActiveCfg = Debug|Any CPU
		{8A4D0760-D75E-4C14-BB7F-D06ABC78D462}.Ad-Hoc|Any CPU.Build.0 = Debug|Any CPU
		{8A4D0760-D75E-4C14-BB7F-D06ABC78D462}.Ad-Hoc|Any CPU.Deploy.0 = Debug|Any CPU
		{8A4D0760-D75E-4C14-BB7F-D06ABC78D462}.Ad-Hoc|iPhone.ActiveCfg = Debug|Any CPU
		{8A4D0760-D75E-4C14-BB7F-D06ABC78D462}.Ad-Hoc|iPhone.Build.0 = Debug|Any CPU
		{8A4D0760-D75E-4C14-BB7F-D06ABC78D462}.Ad-Hoc|iPhone.Deploy.0 = Debug|Any CPU
		{8A4D0760-D75E-4C14-BB7F-D06ABC78D462}.Ad-Hoc|iPhoneSimulator.ActiveCfg = Debug|Any CPU
		{8A4D0760-D75E-4C14-BB7F-D06ABC78D462}.Ad-Hoc|iPhoneSimulator.Build.0 = Debug|Any CPU
		{8A4D0760-D75E-4C14-BB7F-D06ABC78D462}.Ad-Hoc|iPhoneSimulator.Deploy.0 = Debug|Any CPU
		{8A4D0760-D75E-4C14-BB7F-D06ABC78D462}.AppStore|Any CPU.ActiveCfg = Debug|Any CPU
		{8A4D0760-D75E-4C14-BB7F-D06ABC78D462}.AppStore|Any CPU.Build.0 = Debug|Any CPU
		{8A4D0760-D75E-4C14-BB7F-D06ABC78D462}.AppStore|Any CPU.Deploy.0 = Debug|Any CPU
		{8A4D0760-D75E-4C14-BB7F-D06ABC78D462}.AppStore|iPhone.ActiveCfg = Debug|Any CPU
		{8A4D0760-D75E-4C14-BB7F-D06ABC78D462}.AppStore|iPhone.Build.0 = Debug|Any CPU
		{8A4D0760-D75E-4C14-BB7F-D06ABC78D462}.AppStore|iPhone.Deploy.0 = Debug|Any CPU
		{8A4D0760-D75E-4C14-BB7F-D06ABC78D462}.AppStore|iPhoneSimulator.ActiveCfg = Debug|Any CPU
		{8A4D0760-D75E-4C14-BB7F-D06ABC78D462}.AppStore|iPhoneSimulator.Build.0 = Debug|Any CPU
		{8A4D0760-D75E-4C14-BB7F-D06ABC78D462}.AppStore|iPhoneSimulator.Deploy.0 = Debug|Any CPU
		{8A4D0760-D75E-4C14-BB7F-D06ABC78D462}.Debug|Any CPU.ActiveCfg = Debug|Any CPU
		{8A4D0760-D75E-4C14-BB7F-D06ABC78D462}.Debug|Any CPU.Build.0 = Debug|Any CPU
		{8A4D0760-D75E-4C14-BB7F-D06ABC78D462}.Debug|Any CPU.Deploy.0 = Debug|Any CPU
		{8A4D0760-D75E-4C14-BB7F-D06ABC78D462}.Debug|iPhone.ActiveCfg = Debug|Any CPU
		{8A4D0760-D75E-4C14-BB7F-D06ABC78D462}.Debug|iPhone.Build.0 = Debug|Any CPU
		{8A4D0760-D75E-4C14-BB7F-D06ABC78D462}.Debug|iPhone.Deploy.0 = Debug|Any CPU
		{8A4D0760-D75E-4C14-BB7F-D06ABC78D462}.Debug|iPhoneSimulator.ActiveCfg = Debug|Any CPU
		{8A4D0760-D75E-4C14-BB7F-D06ABC78D462}.Debug|iPhoneSimulator.Build.0 = Debug|Any CPU
		{8A4D0760-D75E-4C14-BB7F-D06ABC78D462}.Debug|iPhoneSimulator.Deploy.0 = Debug|Any CPU
		{8A4D0760-D75E-4C14-BB7F-D06ABC78D462}.Release|Any CPU.ActiveCfg = Release|Any CPU
		{8A4D0760-D75E-4C14-BB7F-D06ABC78D462}.Release|Any CPU.Build.0 = Release|Any CPU
		{8A4D0760-D75E-4C14-BB7F-D06ABC78D462}.Release|Any CPU.Deploy.0 = Release|Any CPU
		{8A4D0760-D75E-4C14-BB7F-D06ABC78D462}.Release|iPhone.ActiveCfg = Release|Any CPU
		{8A4D0760-D75E-4C14-BB7F-D06ABC78D462}.Release|iPhone.Build.0 = Release|Any CPU
		{8A4D0760-D75E-4C14-BB7F-D06ABC78D462}.Release|iPhone.Deploy.0 = Release|Any CPU
		{8A4D0760-D75E-4C14-BB7F-D06ABC78D462}.Release|iPhoneSimulator.ActiveCfg = Release|Any CPU
		{8A4D0760-D75E-4C14-BB7F-D06ABC78D462}.Release|iPhoneSimulator.Build.0 = Release|Any CPU
		{8A4D0760-D75E-4C14-BB7F-D06ABC78D462}.Release|iPhoneSimulator.Deploy.0 = Release|Any CPU
	EndGlobalSection
	GlobalSection(SolutionProperties) = preSolution
		HideSolutionNode = FALSE
	EndGlobalSection
	GlobalSection(ExtensibilityGlobals) = postSolution
		SolutionGuid = {07D675E7-BF0B-4778-BEA4-9138E17F53EF}
	EndGlobalSection
EndGlobal
