
Microsoft Visual Studio Solution File, Format Version 12.00
# Visual Studio 15
VisualStudioVersion = 15.0.28010.2050
MinimumVisualStudioVersion = 10.0.40219.1
Project("{FAE04EC0-301F-11D3-BF4B-00C04F79EFBC}") = "Gigalilei.Android", "Gigalilei\Gigalilei.Android\Gigalilei.Android.csproj", "{0D4909B1-119D-41FE-9B99-66834A62CE56}"
EndProject
Project("{FAE04EC0-301F-11D3-BF4B-00C04F79EFBC}") = "Gigalilei.iOS", "Gigalilei\Gigalilei.iOS\Gigalilei.iOS.csproj", "{1000AFF1-6F14-441D-80FF-8CEB989BB4DA}"
EndProject
Project("{9A19103F-16F7-4668-BE54-9A1E7A4F7556}") = "Gigalilei", "Gigalilei\Gigalilei\Gigalilei.csproj", "{E0407266-5090-4B00-9567-034B92225A6B}"
EndProject
Global
	GlobalSection(SolutionConfigurationPlatforms) = preSolution
		Ad-Hoc|Any CPU = Ad-Hoc|Any CPU
		Ad-Hoc|iPhone = Ad-Hoc|iPhone
		Ad-Hoc|iPhoneSimulator = Ad-Hoc|iPhoneSimulator
		AppStore|Any CPU = AppStore|Any CPU
		AppStore|iPhone = AppStore|iPhone
		AppStore|iPhoneSimulator = AppStore|iPhoneSimulator
		Debug|Any CPU = Debug|Any CPU
		Debug|iPhone = Debug|iPhone
		Debug|iPhoneSimulator = Debug|iPhoneSimulator
		Release|Any CPU = Release|Any CPU
		Release|iPhone = Release|iPhone
		Release|iPhoneSimulator = Release|iPhoneSimulator
	EndGlobalSection
	GlobalSection(ProjectConfigurationPlatforms) = postSolution
		{0D4909B1-119D-41FE-9B99-66834A62CE56}.Ad-Hoc|Any CPU.ActiveCfg = Release|Any CPU
		{0D4909B1-119D-41FE-9B99-66834A62CE56}.Ad-Hoc|Any CPU.Build.0 = Release|Any CPU
		{0D4909B1-119D-41FE-9B99-66834A62CE56}.Ad-Hoc|Any CPU.Deploy.0 = Release|Any CPU
		{0D4909B1-119D-41FE-9B99-66834A62CE56}.Ad-Hoc|iPhone.ActiveCfg = Release|Any CPU
		{0D4909B1-119D-41FE-9B99-66834A62CE56}.Ad-Hoc|iPhone.Build.0 = Release|Any CPU
		{0D4909B1-119D-41FE-9B99-66834A62CE56}.Ad-Hoc|iPhone.Deploy.0 = Release|Any CPU
		{0D4909B1-119D-41FE-9B99-66834A62CE56}.Ad-Hoc|iPhoneSimulator.ActiveCfg = Release|Any CPU
		{0D4909B1-119D-41FE-9B99-66834A62CE56}.Ad-Hoc|iPhoneSimulator.Build.0 = Release|Any CPU
		{0D4909B1-119D-41FE-9B99-66834A62CE56}.Ad-Hoc|iPhoneSimulator.Deploy.0 = Release|Any CPU
		{0D4909B1-119D-41FE-9B99-66834A62CE56}.AppStore|Any CPU.ActiveCfg = Release|Any CPU
		{0D4909B1-119D-41FE-9B99-66834A62CE56}.AppStore|Any CPU.Build.0 = Release|Any CPU
		{0D4909B1-119D-41FE-9B99-66834A62CE56}.AppStore|Any CPU.Deploy.0 = Release|Any CPU
		{0D4909B1-119D-41FE-9B99-66834A62CE56}.AppStore|iPhone.ActiveCfg = Release|Any CPU
		{0D4909B1-119D-41FE-9B99-66834A62CE56}.AppStore|iPhone.Build.0 = Release|Any CPU
		{0D4909B1-119D-41FE-9B99-66834A62CE56}.AppStore|iPhone.Deploy.0 = Release|Any CPU
		{0D4909B1-119D-41FE-9B99-66834A62CE56}.AppStore|iPhoneSimulator.ActiveCfg = Release|Any CPU
		{0D4909B1-119D-41FE-9B99-66834A62CE56}.AppStore|iPhoneSimulator.Build.0 = Release|Any CPU
		{0D4909B1-119D-41FE-9B99-66834A62CE56}.AppStore|iPhoneSimulator.Deploy.0 = Release|Any CPU
		{0D4909B1-119D-41FE-9B99-66834A62CE56}.Debug|Any CPU.ActiveCfg = Debug|Any CPU
		{0D4909B1-119D-41FE-9B99-66834A62CE56}.Debug|Any CPU.Build.0 = Debug|Any CPU
		{0D4909B1-119D-41FE-9B99-66834A62CE56}.Debug|Any CPU.Deploy.0 = Debug|Any CPU
		{0D4909B1-119D-41FE-9B99-66834A62CE56}.Debug|iPhone.ActiveCfg = Debug|Any CPU
		{0D4909B1-119D-41FE-9B99-66834A62CE56}.Debug|iPhone.Build.0 = Debug|Any CPU
		{0D4909B1-119D-41FE-9B99-66834A62CE56}.Debug|iPhone.Deploy.0 = Debug|Any CPU
		{0D4909B1-119D-41FE-9B99-66834A62CE56}.Debug|iPhoneSimulator.ActiveCfg = Debug|Any CPU
		{0D4909B1-119D-41FE-9B99-66834A62CE56}.Debug|iPhoneSimulator.Build.0 = Debug|Any CPU
		{0D4909B1-119D-41FE-9B99-66834A62CE56}.Debug|iPhoneSimulator.Deploy.0 = Debug|Any CPU
		{0D4909B1-119D-41FE-9B99-66834A62CE56}.Release|Any CPU.ActiveCfg = Release|Any CPU
		{0D4909B1-119D-41FE-9B99-66834A62CE56}.Release|Any CPU.Build.0 = Release|Any CPU
		{0D4909B1-119D-41FE-9B99-66834A62CE56}.Release|Any CPU.Deploy.0 = Release|Any CPU
		{0D4909B1-119D-41FE-9B99-66834A62CE56}.Release|iPhone.ActiveCfg = Release|Any CPU
		{0D4909B1-119D-41FE-9B99-66834A62CE56}.Release|iPhone.Build.0 = Release|Any CPU
		{0D4909B1-119D-41FE-9B99-66834A62CE56}.Release|iPhone.Deploy.0 = Release|Any CPU
		{0D4909B1-119D-41FE-9B99-66834A62CE56}.Release|iPhoneSimulator.ActiveCfg = Release|Any CPU
		{0D4909B1-119D-41FE-9B99-66834A62CE56}.Release|iPhoneSimulator.Build.0 = Release|Any CPU
		{0D4909B1-119D-41FE-9B99-66834A62CE56}.Release|iPhoneSimulator.Deploy.0 = Release|Any CPU
		{1000AFF1-6F14-441D-80FF-8CEB989BB4DA}.Ad-Hoc|Any CPU.ActiveCfg = Ad-Hoc|iPhone
		{1000AFF1-6F14-441D-80FF-8CEB989BB4DA}.Ad-Hoc|Any CPU.Build.0 = Ad-Hoc|iPhone
		{1000AFF1-6F14-441D-80FF-8CEB989BB4DA}.Ad-Hoc|Any CPU.Deploy.0 = Ad-Hoc|iPhone
		{1000AFF1-6F14-441D-80FF-8CEB989BB4DA}.Ad-Hoc|iPhone.ActiveCfg = Ad-Hoc|iPhone
		{1000AFF1-6F14-441D-80FF-8CEB989BB4DA}.Ad-Hoc|iPhone.Build.0 = Ad-Hoc|iPhone
		{1000AFF1-6F14-441D-80FF-8CEB989BB4DA}.Ad-Hoc|iPhone.Deploy.0 = Ad-Hoc|iPhone
		{1000AFF1-6F14-441D-80FF-8CEB989BB4DA}.Ad-Hoc|iPhoneSimulator.ActiveCfg = Ad-Hoc|iPhoneSimulator
		{1000AFF1-6F14-441D-80FF-8CEB989BB4DA}.Ad-Hoc|iPhoneSimulator.Build.0 = Ad-Hoc|iPhoneSimulator
		{1000AFF1-6F14-441D-80FF-8CEB989BB4DA}.Ad-Hoc|iPhoneSimulator.Deploy.0 = Ad-Hoc|iPhoneSimulator
		{1000AFF1-6F14-441D-80FF-8CEB989BB4DA}.AppStore|Any CPU.ActiveCfg = AppStore|iPhone
		{1000AFF1-6F14-441D-80FF-8CEB989BB4DA}.AppStore|Any CPU.Build.0 = AppStore|iPhone
		{1000AFF1-6F14-441D-80FF-8CEB989BB4DA}.AppStore|Any CPU.Deploy.0 = AppStore|iPhone
		{1000AFF1-6F14-441D-80FF-8CEB989BB4DA}.AppStore|iPhone.ActiveCfg = AppStore|iPhone
		{1000AFF1-6F14-441D-80FF-8CEB989BB4DA}.AppStore|iPhone.Build.0 = AppStore|iPhone
		{1000AFF1-6F14-441D-80FF-8CEB989BB4DA}.AppStore|iPhone.Deploy.0 = AppStore|iPhone
		{1000AFF1-6F14-441D-80FF-8CEB989BB4DA}.AppStore|iPhoneSimulator.ActiveCfg = AppStore|iPhoneSimulator
		{1000AFF1-6F14-441D-80FF-8CEB989BB4DA}.AppStore|iPhoneSimulator.Build.0 = AppStore|iPhoneSimulator
		{1000AFF1-6F14-441D-80FF-8CEB989BB4DA}.AppStore|iPhoneSimulator.Deploy.0 = AppStore|iPhoneSimulator
		{1000AFF1-6F14-441D-80FF-8CEB989BB4DA}.Debug|Any CPU.ActiveCfg = Debug|iPhoneSimulator
		{1000AFF1-6F14-441D-80FF-8CEB989BB4DA}.Debug|Any CPU.Build.0 = Debug|iPhoneSimulator
		{1000AFF1-6F14-441D-80FF-8CEB989BB4DA}.Debug|Any CPU.Deploy.0 = Debug|iPhoneSimulator
		{1000AFF1-6F14-441D-80FF-8CEB989BB4DA}.Debug|iPhone.ActiveCfg = Debug|iPhone
		{1000AFF1-6F14-441D-80FF-8CEB989BB4DA}.Debug|iPhone.Build.0 = Debug|iPhone
		{1000AFF1-6F14-441D-80FF-8CEB989BB4DA}.Debug|iPhone.Deploy.0 = Debug|iPhone
		{1000AFF1-6F14-441D-80FF-8CEB989BB4DA}.Debug|iPhoneSimulator.ActiveCfg = Debug|iPhoneSimulator
		{1000AFF1-6F14-441D-80FF-8CEB989BB4DA}.Debug|iPhoneSimulator.Build.0 = Debug|iPhoneSimulator
		{1000AFF1-6F14-441D-80FF-8CEB989BB4DA}.Debug|iPhoneSimulator.Deploy.0 = Debug|iPhoneSimulator
		{1000AFF1-6F14-441D-80FF-8CEB989BB4DA}.Release|Any CPU.ActiveCfg = Release|iPhone
		{1000AFF1-6F14-441D-80FF-8CEB989BB4DA}.Release|Any CPU.Build.0 = Release|iPhone
		{1000AFF1-6F14-441D-80FF-8CEB989BB4DA}.Release|Any CPU.Deploy.0 = Release|iPhone
		{1000AFF1-6F14-441D-80FF-8CEB989BB4DA}.Release|iPhone.ActiveCfg = Release|iPhone
		{1000AFF1-6F14-441D-80FF-8CEB989BB4DA}.Release|iPhone.Build.0 = Release|iPhone
		{1000AFF1-6F14-441D-80FF-8CEB989BB4DA}.Release|iPhone.Deploy.0 = Release|iPhone
		{1000AFF1-6F14-441D-80FF-8CEB989BB4DA}.Release|iPhoneSimulator.ActiveCfg = Release|iPhoneSimulator
		{1000AFF1-6F14-441D-80FF-8CEB989BB4DA}.Release|iPhoneSimulator.Build.0 = Release|iPhoneSimulator
		{1000AFF1-6F14-441D-80FF-8CEB989BB4DA}.Release|iPhoneSimulator.Deploy.0 = Release|iPhoneSimulator
		{E0407266-5090-4B00-9567-034B92225A6B}.Ad-Hoc|Any CPU.ActiveCfg = Debug|Any CPU
		{E0407266-5090-4B00-9567-034B92225A6B}.Ad-Hoc|Any CPU.Build.0 = Debug|Any CPU
		{E0407266-5090-4B00-9567-034B92225A6B}.Ad-Hoc|Any CPU.Deploy.0 = Debug|Any CPU
		{E0407266-5090-4B00-9567-034B92225A6B}.Ad-Hoc|iPhone.ActiveCfg = Debug|Any CPU
		{E0407266-5090-4B00-9567-034B92225A6B}.Ad-Hoc|iPhone.Build.0 = Debug|Any CPU
		{E0407266-5090-4B00-9567-034B92225A6B}.Ad-Hoc|iPhone.Deploy.0 = Debug|Any CPU
		{E0407266-5090-4B00-9567-034B92225A6B}.Ad-Hoc|iPhoneSimulator.ActiveCfg = Debug|Any CPU
		{E0407266-5090-4B00-9567-034B92225A6B}.Ad-Hoc|iPhoneSimulator.Build.0 = Debug|Any CPU
		{E0407266-5090-4B00-9567-034B92225A6B}.Ad-Hoc|iPhoneSimulator.Deploy.0 = Debug|Any CPU
		{E0407266-5090-4B00-9567-034B92225A6B}.AppStore|Any CPU.ActiveCfg = Debug|Any CPU
		{E0407266-5090-4B00-9567-034B92225A6B}.AppStore|Any CPU.Build.0 = Debug|Any CPU
		{E0407266-5090-4B00-9567-034B92225A6B}.AppStore|Any CPU.Deploy.0 = Debug|Any CPU
		{E0407266-5090-4B00-9567-034B92225A6B}.AppStore|iPhone.ActiveCfg = Debug|Any CPU
		{E0407266-5090-4B00-9567-034B92225A6B}.AppStore|iPhone.Build.0 = Debug|Any CPU
		{E0407266-5090-4B00-9567-034B92225A6B}.AppStore|iPhone.Deploy.0 = Debug|Any CPU
		{E0407266-5090-4B00-9567-034B92225A6B}.AppStore|iPhoneSimulator.ActiveCfg = Debug|Any CPU
		{E0407266-5090-4B00-9567-034B92225A6B}.AppStore|iPhoneSimulator.Build.0 = Debug|Any CPU
		{E0407266-5090-4B00-9567-034B92225A6B}.AppStore|iPhoneSimulator.Deploy.0 = Debug|Any CPU
		{E0407266-5090-4B00-9567-034B92225A6B}.Debug|Any CPU.ActiveCfg = Debug|Any CPU
		{E0407266-5090-4B00-9567-034B92225A6B}.Debug|Any CPU.Build.0 = Debug|Any CPU
		{E0407266-5090-4B00-9567-034B92225A6B}.Debug|Any CPU.Deploy.0 = Debug|Any CPU
		{E0407266-5090-4B00-9567-034B92225A6B}.Debug|iPhone.ActiveCfg = Debug|Any CPU
		{E0407266-5090-4B00-9567-034B92225A6B}.Debug|iPhone.Build.0 = Debug|Any CPU
		{E0407266-5090-4B00-9567-034B92225A6B}.Debug|iPhone.Deploy.0 = Debug|Any CPU
		{E0407266-5090-4B00-9567-034B92225A6B}.Debug|iPhoneSimulator.ActiveCfg = Debug|Any CPU
		{E0407266-5090-4B00-9567-034B92225A6B}.Debug|iPhoneSimulator.Build.0 = Debug|Any CPU
		{E0407266-5090-4B00-9567-034B92225A6B}.Debug|iPhoneSimulator.Deploy.0 = Debug|Any CPU
		{E0407266-5090-4B00-9567-034B92225A6B}.Release|Any CPU.ActiveCfg = Release|Any CPU
		{E0407266-5090-4B00-9567-034B92225A6B}.Release|Any CPU.Build.0 = Release|Any CPU
		{E0407266-5090-4B00-9567-034B92225A6B}.Release|Any CPU.Deploy.0 = Release|Any CPU
		{E0407266-5090-4B00-9567-034B92225A6B}.Release|iPhone.ActiveCfg = Release|Any CPU
		{E0407266-5090-4B00-9567-034B92225A6B}.Release|iPhone.Build.0 = Release|Any CPU
		{E0407266-5090-4B00-9567-034B92225A6B}.Release|iPhone.Deploy.0 = Release|Any CPU
		{E0407266-5090-4B00-9567-034B92225A6B}.Release|iPhoneSimulator.ActiveCfg = Release|Any CPU
		{E0407266-5090-4B00-9567-034B92225A6B}.Release|iPhoneSimulator.Build.0 = Release|Any CPU
		{E0407266-5090-4B00-9567-034B92225A6B}.Release|iPhoneSimulator.Deploy.0 = Release|Any CPU
	EndGlobalSection
	GlobalSection(SolutionProperties) = preSolution
		HideSolutionNode = FALSE
	EndGlobalSection
	GlobalSection(ExtensibilityGlobals) = postSolution
		SolutionGuid = {23E77DE7-F225-475A-BA82-B214408608F8}
	EndGlobalSection
EndGlobal
